#MicroXplorer Configuration settings - do not modify
FREERTOS.FootprintOK=true
FREERTOS.HEAP_NUMBER=3
FREERTOS.IPParameters=Tasks01,configUSE_NEWLIB_REENTRANT,configTOTAL_HEAP_SIZE,FootprintOK,configCHECK_FOR_STACK_OVERFLOW,HEAP_NUMBER,Mutexes01,Queues01
FREERTOS.Mutexes01=i2c1Mutex,Static,i2c1MutexControlBlock
FREERTOS.Queues01=debugLogQueue,8,30,1,Static,debugLogQueueBuffer,debugLogQueueControlBlock
FREERTOS.Tasks01=defaultTask,24,1024,StartDefaultTask,Default,NULL,Dynamic,NULL,NULL
FREERTOS.configCHECK_FOR_STACK_OVERFLOW=0
FREERTOS.configTOTAL_HEAP_SIZE=50000
FREERTOS.configUSE_NEWLIB_REENTRANT=1
File.Version=6
GPIO.groupedBy=Group By Peripherals
I2C1.I2C_Speed_Mode=I2C_Fast
I2C1.IPParameters=I2C_Speed_Mode,Timing
I2C1.Timing=0x00000004
KeepUserPlacement=false
Mcu.CPN=STM32L451RCT3
Mcu.Family=STM32L4
Mcu.IP0=CRC
Mcu.IP1=FREERTOS
Mcu.IP2=I2C1
Mcu.IP3=NVIC
Mcu.IP4=RCC
Mcu.IP5=SPI1
Mcu.IP6=SYS
Mcu.IP7=USART2
Mcu.IPNb=8
Mcu.Name=STM32L451R(C-E)Tx
Mcu.Package=LQFP64
Mcu.Pin0=PC0
Mcu.Pin1=PC1
Mcu.Pin10=PB0
Mcu.Pin11=PB1
Mcu.Pin12=PB2
Mcu.Pin13=PB12
Mcu.Pin14=PB13
Mcu.Pin15=PB14
Mcu.Pin16=PB15
Mcu.Pin17=PA8
Mcu.Pin18=PA9
Mcu.Pin19=PA10
Mcu.Pin2=PC2
Mcu.Pin20=PA13 (JTMS/SWDIO)
Mcu.Pin21=PA14 (JTCK/SWCLK)
Mcu.Pin22=PB3 (JTDO/TRACESWO)
Mcu.Pin23=VP_CRC_VS_CRC
Mcu.Pin24=VP_FREERTOS_VS_CMSIS_V2
Mcu.Pin25=VP_SYS_VS_tim6
Mcu.Pin26=VP_STMicroelectronics.X-CUBE-TOUCHGFX_VS_GraphicsJjApplication_4.18.1
Mcu.Pin3=PC3
Mcu.Pin4=PA2
Mcu.Pin5=PA3
Mcu.Pin6=PA5
Mcu.Pin7=PA7
Mcu.Pin8=PC4
Mcu.Pin9=PC5
Mcu.PinsNb=27
Mcu.ThirdParty0=STMicroelectronics.X-CUBE-TOUCHGFX.4.18.1
Mcu.ThirdPartyNb=1
Mcu.UserConstants=
Mcu.UserName=STM32L451RCTx
MxCube.Version=6.6.1
MxDb.Version=DB.6.0.60
NVIC.BusFault_IRQn=true\:0\:0\:false\:false\:true\:false\:false\:false\:false
NVIC.DebugMonitor_IRQn=true\:0\:0\:false\:false\:true\:false\:false\:false\:false
NVIC.EXTI15_10_IRQn=true\:5\:0\:false\:false\:true\:true\:true\:true\:true
NVIC.EXTI1_IRQn=true\:5\:0\:false\:false\:true\:true\:true\:true\:true
NVIC.EXTI9_5_IRQn=true\:5\:0\:true\:false\:true\:true\:true\:true\:true
NVIC.ForceEnableDMAVector=true
NVIC.HardFault_IRQn=true\:0\:0\:false\:false\:true\:false\:false\:false\:false
NVIC.MemoryManagement_IRQn=true\:0\:0\:false\:false\:true\:false\:false\:false\:false
NVIC.NonMaskableInt_IRQn=true\:0\:0\:false\:false\:true\:false\:false\:false\:false
NVIC.PendSV_IRQn=true\:15\:0\:false\:false\:false\:true\:false\:false\:false
NVIC.PriorityGroup=NVIC_PRIORITYGROUP_4
NVIC.SVCall_IRQn=true\:0\:0\:false\:false\:false\:false\:false\:false\:false
NVIC.SavedPendsvIrqHandlerGenerated=true
NVIC.SavedSvcallIrqHandlerGenerated=true
NVIC.SavedSystickIrqHandlerGenerated=true
NVIC.SysTick_IRQn=true\:15\:0\:false\:false\:false\:true\:false\:true\:false
NVIC.TIM6_DAC_IRQn=true\:15\:0\:false\:false\:true\:false\:false\:true\:true
NVIC.TimeBase=TIM6_DAC_IRQn
NVIC.TimeBaseIP=TIM6
NVIC.USART2_IRQn=true\:5\:0\:false\:false\:true\:true\:true\:true\:true
NVIC.UsageFault_IRQn=true\:0\:0\:false\:false\:true\:false\:false\:false\:false
PA10.Mode=I2C
PA10.Signal=I2C1_SDA
PA13\ (JTMS/SWDIO).Mode=Trace_Asynchronous_SW
PA13\ (JTMS/SWDIO).Signal=SYS_JTMS-SWDIO
PA14\ (JTCK/SWCLK).Mode=Trace_Asynchronous_SW
PA14\ (JTCK/SWCLK).Signal=SYS_JTCK-SWCLK
PA2.Mode=Asynchronous
PA2.Signal=USART2_TX
PA3.Mode=Asynchronous
PA3.Signal=USART2_RX
PA5.Locked=true
PA5.Mode=TX_Only_Simplex_Unidirect_Master
PA5.Signal=SPI1_SCK
PA7.Mode=TX_Only_Simplex_Unidirect_Master
PA7.Signal=SPI1_MOSI
PA8.GPIOParameters=GPIO_PuPd,GPIO_Label
PA8.GPIO_Label=SCD30_READY
PA8.GPIO_PuPd=GPIO_NOPULL
PA8.Locked=true
PA8.Signal=GPXTI8
PA9.Mode=I2C
PA9.Signal=I2C1_SCL
PB0.GPIOParameters=GPIO_Label
PB0.GPIO_Label=E_INK_RESET
PB0.Locked=true
PB0.Signal=GPIO_Output
PB1.GPIOParameters=GPIO_Label
PB1.GPIO_Label=E_INK_BUSY
PB1.Locked=true
PB1.Signal=GPXTI1
PB12.GPIOParameters=GPIO_Label
PB12.GPIO_Label=SWITCH_1
PB12.Locked=true
PB12.Signal=GPXTI12
PB13.GPIOParameters=GPIO_Label
PB13.GPIO_Label=SWITCH_2
PB13.Locked=true
PB13.Signal=GPXTI13
PB14.GPIOParameters=GPIO_Label
PB14.GPIO_Label=SWITCH_3
PB14.Locked=true
PB14.Signal=GPXTI14
PB15.GPIOParameters=GPIO_Label
PB15.GPIO_Label=SWITCH_4
PB15.Locked=true
PB15.Signal=GPXTI15
PB2.GPIOParameters=PinState,GPIO_Label
PB2.GPIO_Label=POWER_5V_ENABLE
PB2.Locked=true
PB2.PinState=GPIO_PIN_SET
PB2.Signal=GPIO_Output
PB3\ (JTDO/TRACESWO).Mode=Trace_Asynchronous_SW
PB3\ (JTDO/TRACESWO).Signal=SYS_JTDO-SWO
PC0.GPIOParameters=GPIO_Label
PC0.GPIO_Label=LED_4
PC0.Locked=true
PC0.Signal=GPIO_Output
PC1.GPIOParameters=GPIO_Label
PC1.GPIO_Label=LED_3
PC1.Locked=true
PC1.Signal=GPIO_Output
PC2.GPIOParameters=GPIO_Label
PC2.GPIO_Label=LED_2
PC2.Locked=true
PC2.Signal=GPIO_Output
PC3.GPIOParameters=GPIO_Label
PC3.GPIO_Label=LED_1
PC3.Locked=true
PC3.Signal=GPIO_Output
PC4.GPIOParameters=GPIO_Label
PC4.GPIO_Label=E_INK_SELECT
PC4.Locked=true
PC4.Signal=GPIO_Output
PC5.GPIOParameters=GPIO_Speed,GPIO_Label
PC5.GPIO_Label=E_INK_DC
PC5.GPIO_Speed=GPIO_SPEED_FREQ_HIGH
PC5.Locked=true
PC5.Signal=GPIO_Output
PinOutPanel.RotationAngle=0
ProjectManager.AskForMigrate=true
ProjectManager.BackupPrevious=false
ProjectManager.CompilerOptimize=6
ProjectManager.ComputerToolchain=false
ProjectManager.CoupleFile=false
ProjectManager.CustomerFirmwarePackage=
ProjectManager.DefaultFWLocation=true
ProjectManager.DeletePrevious=true
ProjectManager.DeviceId=STM32L451RCTx
ProjectManager.FirmwarePackage=STM32Cube FW_L4 V1.17.2
ProjectManager.FreePins=false
ProjectManager.HalAssertFull=false
ProjectManager.HeapSize=0x200
ProjectManager.KeepUserCode=true
ProjectManager.LastFirmware=true
ProjectManager.LibraryCopy=1
ProjectManager.MainLocation=Core/Src
ProjectManager.NoMain=false
ProjectManager.PreviousToolchain=
ProjectManager.ProjectBuild=false
ProjectManager.ProjectFileName=EnvSensorV2.ioc
ProjectManager.ProjectName=EnvSensorV2
ProjectManager.RegisterCallBack=
ProjectManager.StackSize=0x400
ProjectManager.TargetToolchain=STM32CubeIDE
ProjectManager.ToolChainLocation=
ProjectManager.UnderRoot=true
ProjectManager.functionlistsort=1-SystemClock_Config-RCC-false-HAL-false,2-MX_GPIO_Init-GPIO-false-HAL-true,3-MX_I2C1_Init-I2C1-false-HAL-true,4-MX_USART2_UART_Init-USART2-false-HAL-true,5-MX_SPI1_Init-SPI1-false-HAL-true,6-MX_CRC_Init-CRC-false-HAL-true,7-MX_TouchGFX_Init-STMicroelectronics.X-CUBE-TOUCHGFX.4.18.1-false-HAL-false,8-MX_TouchGFX_Process-STMicroelectronics.X-CUBE-TOUCHGFX.4.18.1-false-HAL-false
RCC.ADCFreq_Value=32000000
RCC.FamilyName=M
RCC.HSE_VALUE=8000000
RCC.HSI48_VALUE=48000000
RCC.HSI_VALUE=16000000
RCC.IPParameters=ADCFreq_Value,FamilyName,HSE_VALUE,HSI48_VALUE,HSI_VALUE,LSCOPinFreq_Value,LSE_VALUE,LSI_VALUE,MSI_VALUE,PLLPoutputFreq_Value,PLLQoutputFreq_Value,PLLRCLKFreq_Value,PLLSAI1N,PLLSAI1PoutputFreq_Value,PLLSAI1QoutputFreq_Value,PLLSAI1RoutputFreq_Value,RNGFreq_Value,SAI1Freq_Value,SDMMCFreq_Value,VCOInputFreq_Value,VCOOutputFreq_Value,VCOSAI1OutputFreq_Value
RCC.LSCOPinFreq_Value=32000
RCC.LSE_VALUE=32768
RCC.LSI_VALUE=32000
RCC.MSI_VALUE=4000000
RCC.PLLPoutputFreq_Value=4571428.571428572
RCC.PLLQoutputFreq_Value=16000000
RCC.PLLRCLKFreq_Value=16000000
RCC.PLLSAI1N=16
RCC.PLLSAI1PoutputFreq_Value=9142857.142857144
RCC.PLLSAI1QoutputFreq_Value=32000000
RCC.PLLSAI1RoutputFreq_Value=32000000
RCC.RNGFreq_Value=32000000
RCC.SAI1Freq_Value=9142857.142857144
RCC.SDMMCFreq_Value=32000000
RCC.VCOInputFreq_Value=4000000
RCC.VCOOutputFreq_Value=32000000
RCC.VCOSAI1OutputFreq_Value=64000000
SH.GPXTI1.0=GPIO_EXTI1
SH.GPXTI1.ConfNb=1
SH.GPXTI12.0=GPIO_EXTI12
SH.GPXTI12.ConfNb=1
SH.GPXTI13.0=GPIO_EXTI13
SH.GPXTI13.ConfNb=1
SH.GPXTI14.0=GPIO_EXTI14
SH.GPXTI14.ConfNb=1
SH.GPXTI15.0=GPIO_EXTI15
SH.GPXTI15.ConfNb=1
SH.GPXTI8.0=GPIO_EXTI8
SH.GPXTI8.ConfNb=1
SPI1.BaudRatePrescaler=SPI_BAUDRATEPRESCALER_8
SPI1.CalculateBaudRate=500.0 KBits/s
SPI1.DataSize=SPI_DATASIZE_8BIT
SPI1.Direction=SPI_DIRECTION_2LINES
SPI1.IPParameters=VirtualType,Mode,Direction,CalculateBaudRate,DataSize,BaudRatePrescaler
SPI1.Mode=SPI_MODE_MASTER
SPI1.VirtualType=VM_MASTER
STMicroelectronics.X-CUBE-TOUCHGFX.4.18.1.ApplicationCcGraphicsJjApplication=TouchGFXOoGenerator
STMicroelectronics.X-CUBE-TOUCHGFX.4.18.1.GraphicsJjApplication_Checked=true
STMicroelectronics.X-CUBE-TOUCHGFX.4.18.1.IPParameters=tgfx_pixel_format,tgfx_custom_width,tgfx_custom_height,tgfx_buffering_strategy,ApplicationCcGraphicsJjApplication
STMicroelectronics.X-CUBE-TOUCHGFX.4.18.1.tgfx_buffering_strategy=Single
STMicroelectronics.X-CUBE-TOUCHGFX.4.18.1.tgfx_custom_height=300
STMicroelectronics.X-CUBE-TOUCHGFX.4.18.1.tgfx_custom_width=400
STMicroelectronics.X-CUBE-TOUCHGFX.4.18.1.tgfx_pixel_format=Grey2\:2
STMicroelectronics.X-CUBE-TOUCHGFX.4.18.1_IsPackSelfContextualization=true
STMicroelectronics.X-CUBE-TOUCHGFX.4.18.1_SwParameter=ApplicationCcGraphicsJjApplication\:TouchGFXOoGenerator;
USART2.BaudRate=9600
USART2.IPParameters=VirtualMode-Asynchronous,BaudRate
USART2.VirtualMode-Asynchronous=VM_ASYNC
VP_CRC_VS_CRC.Mode=CRC_Activate
VP_CRC_VS_CRC.Signal=CRC_VS_CRC
VP_FREERTOS_VS_CMSIS_V2.Mode=CMSIS_V2
VP_FREERTOS_VS_CMSIS_V2.Signal=FREERTOS_VS_CMSIS_V2
VP_STMicroelectronics.X-CUBE-TOUCHGFX_VS_GraphicsJjApplication_4.18.1.Mode=GraphicsJjApplication
VP_STMicroelectronics.X-CUBE-TOUCHGFX_VS_GraphicsJjApplication_4.18.1.Signal=STMicroelectronics.X-CUBE-TOUCHGFX_VS_GraphicsJjApplication_4.18.1
VP_SYS_VS_tim6.Mode=TIM6
VP_SYS_VS_tim6.Signal=SYS_VS_tim6
board=custom
isbadioc=false
