#MicroXplorer Configuration settings - do not modify
ADC1.Channel-0\#ChannelRegularConversion=ADC_CHANNEL_5
ADC1.Channel-16\#ChannelRegularConversion=ADC_CHANNEL_5
ADC1.Channel-17\#ChannelRegularConversion=ADC_CHANNEL_5
ADC1.Channel-18\#ChannelRegularConversion=ADC_CHANNEL_5
ADC1.Channel-19\#ChannelRegularConversion=ADC_CHANNEL_5
ADC1.Channel-20\#ChannelRegularConversion=ADC_CHANNEL_5
ADC1.Channel-21\#ChannelRegularConversion=ADC_CHANNEL_5
ADC1.Channel-22\#ChannelRegularConversion=ADC_CHANNEL_5
ADC1.Channel-23\#ChannelRegularConversion=ADC_CHANNEL_5
ADC1.Channel-24\#ChannelRegularConversion=ADC_CHANNEL_5
ADC1.Channel-25\#ChannelRegularConversion=ADC_CHANNEL_5
ADC1.Channel-26\#ChannelRegularConversion=ADC_CHANNEL_5
ADC1.Channel-27\#ChannelRegularConversion=ADC_CHANNEL_5
ADC1.Channel-28\#ChannelRegularConversion=ADC_CHANNEL_5
ADC1.Channel-29\#ChannelRegularConversion=ADC_CHANNEL_5
ADC1.Channel-30\#ChannelRegularConversion=ADC_CHANNEL_5
ADC1.ClockPrescaler=ADC_CLOCK_ASYNC_DIV16
ADC1.CommonPathInternal=null|null|null|null
ADC1.IPParameters=Rank-0\#ChannelRegularConversion,master,Channel-0\#ChannelRegularConversion,SamplingTime-0\#ChannelRegularConversion,OffsetNumber-0\#ChannelRegularConversion,NbrOfConversionFlag,ClockPrescaler,OversamplingMode,NbrOfConversion,Rank-16\#ChannelRegularConversion,Channel-16\#ChannelRegularConversion,SamplingTime-16\#ChannelRegularConversion,OffsetNumber-16\#ChannelRegularConversion,Rank-17\#ChannelRegularConversion,Channel-17\#ChannelRegularConversion,SamplingTime-17\#ChannelRegularConversion,OffsetNumber-17\#ChannelRegularConversion,Rank-18\#ChannelRegularConversion,Channel-18\#ChannelRegularConversion,SamplingTime-18\#ChannelRegularConversion,OffsetNumber-18\#ChannelRegularConversion,Rank-19\#ChannelRegularConversion,Channel-19\#ChannelRegularConversion,SamplingTime-19\#ChannelRegularConversion,OffsetNumber-19\#ChannelRegularConversion,Rank-20\#ChannelRegularConversion,Channel-20\#ChannelRegularConversion,SamplingTime-20\#ChannelRegularConversion,OffsetNumber-20\#ChannelRegularConversion,Rank-21\#ChannelRegularConversion,Channel-21\#ChannelRegularConversion,SamplingTime-21\#ChannelRegularConversion,OffsetNumber-21\#ChannelRegularConversion,Rank-22\#ChannelRegularConversion,Channel-22\#ChannelRegularConversion,SamplingTime-22\#ChannelRegularConversion,OffsetNumber-22\#ChannelRegularConversion,Rank-23\#ChannelRegularConversion,Channel-23\#ChannelRegularConversion,SamplingTime-23\#ChannelRegularConversion,OffsetNumber-23\#ChannelRegularConversion,Rank-24\#ChannelRegularConversion,Channel-24\#ChannelRegularConversion,SamplingTime-24\#ChannelRegularConversion,OffsetNumber-24\#ChannelRegularConversion,Rank-25\#ChannelRegularConversion,Channel-25\#ChannelRegularConversion,SamplingTime-25\#ChannelRegularConversion,OffsetNumber-25\#ChannelRegularConversion,Rank-26\#ChannelRegularConversion,Channel-26\#ChannelRegularConversion,SamplingTime-26\#ChannelRegularConversion,OffsetNumber-26\#ChannelRegularConversion,Rank-27\#ChannelRegularConversion,Channel-27\#ChannelRegularConversion,SamplingTime-27\#ChannelRegularConversion,OffsetNumber-27\#ChannelRegularConversion,Rank-28\#ChannelRegularConversion,Channel-28\#ChannelRegularConversion,SamplingTime-28\#ChannelRegularConversion,OffsetNumber-28\#ChannelRegularConversion,Rank-29\#ChannelRegularConversion,Channel-29\#ChannelRegularConversion,SamplingTime-29\#ChannelRegularConversion,OffsetNumber-29\#ChannelRegularConversion,Rank-30\#ChannelRegularConversion,Channel-30\#ChannelRegularConversion,SamplingTime-30\#ChannelRegularConversion,OffsetNumber-30\#ChannelRegularConversion,CommonPathInternal
ADC1.NbrOfConversion=16
ADC1.NbrOfConversionFlag=1
ADC1.OffsetNumber-0\#ChannelRegularConversion=ADC_OFFSET_NONE
ADC1.OffsetNumber-16\#ChannelRegularConversion=ADC_OFFSET_NONE
ADC1.OffsetNumber-17\#ChannelRegularConversion=ADC_OFFSET_NONE
ADC1.OffsetNumber-18\#ChannelRegularConversion=ADC_OFFSET_NONE
ADC1.OffsetNumber-19\#ChannelRegularConversion=ADC_OFFSET_NONE
ADC1.OffsetNumber-20\#ChannelRegularConversion=ADC_OFFSET_NONE
ADC1.OffsetNumber-21\#ChannelRegularConversion=ADC_OFFSET_NONE
ADC1.OffsetNumber-22\#ChannelRegularConversion=ADC_OFFSET_NONE
ADC1.OffsetNumber-23\#ChannelRegularConversion=ADC_OFFSET_NONE
ADC1.OffsetNumber-24\#ChannelRegularConversion=ADC_OFFSET_NONE
ADC1.OffsetNumber-25\#ChannelRegularConversion=ADC_OFFSET_NONE
ADC1.OffsetNumber-26\#ChannelRegularConversion=ADC_OFFSET_NONE
ADC1.OffsetNumber-27\#ChannelRegularConversion=ADC_OFFSET_NONE
ADC1.OffsetNumber-28\#ChannelRegularConversion=ADC_OFFSET_NONE
ADC1.OffsetNumber-29\#ChannelRegularConversion=ADC_OFFSET_NONE
ADC1.OffsetNumber-30\#ChannelRegularConversion=ADC_OFFSET_NONE
ADC1.OversamplingMode=DISABLE
ADC1.Rank-0\#ChannelRegularConversion=1
ADC1.Rank-16\#ChannelRegularConversion=2
ADC1.Rank-17\#ChannelRegularConversion=3
ADC1.Rank-18\#ChannelRegularConversion=4
ADC1.Rank-19\#ChannelRegularConversion=5
ADC1.Rank-20\#ChannelRegularConversion=6
ADC1.Rank-21\#ChannelRegularConversion=7
ADC1.Rank-22\#ChannelRegularConversion=8
ADC1.Rank-23\#ChannelRegularConversion=9
ADC1.Rank-24\#ChannelRegularConversion=10
ADC1.Rank-25\#ChannelRegularConversion=11
ADC1.Rank-26\#ChannelRegularConversion=12
ADC1.Rank-27\#ChannelRegularConversion=13
ADC1.Rank-28\#ChannelRegularConversion=14
ADC1.Rank-29\#ChannelRegularConversion=15
ADC1.Rank-30\#ChannelRegularConversion=16
ADC1.SamplingTime-0\#ChannelRegularConversion=ADC_SAMPLETIME_640CYCLES_5
ADC1.SamplingTime-16\#ChannelRegularConversion=ADC_SAMPLETIME_2CYCLES_5
ADC1.SamplingTime-17\#ChannelRegularConversion=ADC_SAMPLETIME_2CYCLES_5
ADC1.SamplingTime-18\#ChannelRegularConversion=ADC_SAMPLETIME_2CYCLES_5
ADC1.SamplingTime-19\#ChannelRegularConversion=ADC_SAMPLETIME_2CYCLES_5
ADC1.SamplingTime-20\#ChannelRegularConversion=ADC_SAMPLETIME_2CYCLES_5
ADC1.SamplingTime-21\#ChannelRegularConversion=ADC_SAMPLETIME_2CYCLES_5
ADC1.SamplingTime-22\#ChannelRegularConversion=ADC_SAMPLETIME_2CYCLES_5
ADC1.SamplingTime-23\#ChannelRegularConversion=ADC_SAMPLETIME_2CYCLES_5
ADC1.SamplingTime-24\#ChannelRegularConversion=ADC_SAMPLETIME_2CYCLES_5
ADC1.SamplingTime-25\#ChannelRegularConversion=ADC_SAMPLETIME_2CYCLES_5
ADC1.SamplingTime-26\#ChannelRegularConversion=ADC_SAMPLETIME_2CYCLES_5
ADC1.SamplingTime-27\#ChannelRegularConversion=ADC_SAMPLETIME_2CYCLES_5
ADC1.SamplingTime-28\#ChannelRegularConversion=ADC_SAMPLETIME_2CYCLES_5
ADC1.SamplingTime-29\#ChannelRegularConversion=ADC_SAMPLETIME_2CYCLES_5
ADC1.SamplingTime-30\#ChannelRegularConversion=ADC_SAMPLETIME_2CYCLES_5
ADC1.master=1
CAD.formats=
CAD.pinconfig=
CAD.provider=
FATFS.BSP.number=1
FATFS.IPParameters=_CODE_PAGE,_USE_LFN,_MAX_SS
FATFS._CODE_PAGE=852
FATFS._MAX_SS=4096
FATFS._USE_LFN=3
FATFS0.BSP.STBoard=false
FATFS0.BSP.api=Unknown
FATFS0.BSP.component=
FATFS0.BSP.condition=
FATFS0.BSP.instance=PB8
FATFS0.BSP.ip=GPIO
FATFS0.BSP.mode=Input
FATFS0.BSP.name=Detect_SDIO
FATFS0.BSP.semaphore=
FATFS0.BSP.solution=PB8
FREERTOS.FootprintOK=true
FREERTOS.HEAP_NUMBER=3
FREERTOS.INCLUDE_xTaskGetHandle=0
FREERTOS.IPParameters=Tasks01,configUSE_NEWLIB_REENTRANT,configTOTAL_HEAP_SIZE,FootprintOK,configCHECK_FOR_STACK_OVERFLOW,HEAP_NUMBER,Mutexes01,Queues01,INCLUDE_xTaskGetHandle
FREERTOS.Mutexes01=i2c1Mutex,Static,i2c1MutexControlBlock
FREERTOS.Queues01=debugLogQueue,16,30,1,Static,debugLogQueueBuffer,debugLogQueueControlBlock;sensorReadoutsQueue,6,ReadoutMessage_t,0,Static,sensorReadoutsQueueBuffer,sensorReadoutsQueueControlBlock;displayCommandsQueue,6,DisplayCommandMessage_t,0,Static,displayCommandsQueueBuffer,displayCommandsQueueControlBlock
FREERTOS.Tasks01=defaultTask,24,1024,StartDefaultTask,Default,NULL,Static,defaultTaskBuffer,defaultTaskControlBlock
FREERTOS.configCHECK_FOR_STACK_OVERFLOW=0
FREERTOS.configTOTAL_HEAP_SIZE=50000
FREERTOS.configUSE_NEWLIB_REENTRANT=1
File.Version=6
GPIO.groupedBy=Group By Peripherals
I2C1.I2C_Speed_Mode=I2C_Fast
I2C1.IPParameters=I2C_Speed_Mode,Timing
I2C1.Timing=0x00000004
KeepUserPlacement=false
Mcu.CPN=STM32L451RCT3
Mcu.Family=STM32L4
Mcu.IP0=ADC1
Mcu.IP1=CRC
Mcu.IP10=SYS
Mcu.IP11=USART2
Mcu.IP2=FATFS
Mcu.IP3=FREERTOS
Mcu.IP4=I2C1
Mcu.IP5=NVIC
Mcu.IP6=RCC
Mcu.IP7=RTC
Mcu.IP8=SDMMC1
Mcu.IP9=SPI1
Mcu.IPNb=12
Mcu.Name=STM32L451R(C-E)Tx
Mcu.Package=LQFP64
Mcu.Pin0=PH0-OSC_IN (PH0)
Mcu.Pin1=PH1-OSC_OUT (PH1)
Mcu.Pin10=PA5
Mcu.Pin11=PA7
Mcu.Pin12=PC4
Mcu.Pin13=PC5
Mcu.Pin14=PB0
Mcu.Pin15=PB1
Mcu.Pin16=PB2
Mcu.Pin17=PB12
Mcu.Pin18=PB13
Mcu.Pin19=PB14
Mcu.Pin2=PC0
Mcu.Pin20=PB15
Mcu.Pin21=PC8
Mcu.Pin22=PC9
Mcu.Pin23=PA8
Mcu.Pin24=PA9
Mcu.Pin25=PA10
Mcu.Pin26=PA13 (JTMS/SWDIO)
Mcu.Pin27=PA14 (JTCK/SWCLK)
Mcu.Pin28=PC10
Mcu.Pin29=PC11
Mcu.Pin3=PC1
Mcu.Pin30=PC12
Mcu.Pin31=PD2
Mcu.Pin32=PB3 (JTDO/TRACESWO)
Mcu.Pin33=PB5
Mcu.Pin34=PB6
Mcu.Pin35=PB8
Mcu.Pin36=PB9
Mcu.Pin37=VP_CRC_VS_CRC
Mcu.Pin38=VP_FATFS_VS_SDIO
Mcu.Pin39=VP_FREERTOS_VS_CMSIS_V2
Mcu.Pin4=PC2
Mcu.Pin40=VP_RTC_VS_RTC_Activate
Mcu.Pin41=VP_SYS_VS_tim6
Mcu.Pin5=PC3
Mcu.Pin6=PA0
Mcu.Pin7=PA1
Mcu.Pin8=PA2
Mcu.Pin9=PA3
Mcu.PinsNb=42
Mcu.ThirdPartyNb=0
Mcu.UserConstants=
Mcu.UserName=STM32L451RCTx
MxCube.Version=6.10.0
MxDb.Version=DB.6.0.100
NVIC.BusFault_IRQn=true\:0\:0\:false\:false\:true\:false\:false\:false\:false
NVIC.DebugMonitor_IRQn=true\:0\:0\:false\:false\:true\:false\:false\:false\:false
NVIC.EXTI15_10_IRQn=true\:5\:0\:false\:false\:true\:true\:true\:true\:true
NVIC.EXTI1_IRQn=true\:5\:0\:false\:false\:true\:true\:true\:true\:true
NVIC.EXTI9_5_IRQn=true\:5\:0\:true\:false\:true\:true\:true\:true\:true
NVIC.ForceEnableDMAVector=true
NVIC.HardFault_IRQn=true\:0\:0\:false\:false\:true\:false\:false\:false\:false
NVIC.MemoryManagement_IRQn=true\:0\:0\:false\:false\:true\:false\:false\:false\:false
NVIC.NonMaskableInt_IRQn=true\:0\:0\:false\:false\:true\:false\:false\:false\:false
NVIC.PendSV_IRQn=true\:15\:0\:false\:false\:false\:true\:false\:false\:false
NVIC.PriorityGroup=NVIC_PRIORITYGROUP_4
NVIC.SDMMC1_IRQn=true\:5\:0\:false\:false\:true\:true\:true\:true\:true
NVIC.SVCall_IRQn=true\:0\:0\:false\:false\:false\:false\:false\:false\:false
NVIC.SavedPendsvIrqHandlerGenerated=true
NVIC.SavedSvcallIrqHandlerGenerated=true
NVIC.SavedSystickIrqHandlerGenerated=true
NVIC.SysTick_IRQn=true\:15\:0\:false\:false\:false\:true\:false\:false\:false
NVIC.TIM6_DAC_IRQn=true\:15\:0\:false\:false\:true\:false\:false\:true\:true
NVIC.TimeBase=TIM6_DAC_IRQn
NVIC.TimeBaseIP=TIM6
NVIC.USART2_IRQn=true\:5\:0\:false\:false\:true\:true\:true\:true\:true
NVIC.UsageFault_IRQn=true\:0\:0\:false\:false\:true\:false\:false\:false\:false
PA0.GPIOParameters=GPIO_Label
PA0.GPIO_Label=BATTERY_MEASURE_INPUT
PA0.Signal=ADCx_IN5
PA1.Locked=true
PA1.Signal=GPIO_Analog
PA10.Mode=I2C
PA10.Signal=I2C1_SDA
PA13\ (JTMS/SWDIO).Mode=Trace_Asynchronous_SW
PA13\ (JTMS/SWDIO).Signal=SYS_JTMS-SWDIO
PA14\ (JTCK/SWCLK).Mode=Trace_Asynchronous_SW
PA14\ (JTCK/SWCLK).Signal=SYS_JTCK-SWCLK
PA2.Mode=Asynchronous
PA2.Signal=USART2_TX
PA3.Mode=Asynchronous
PA3.Signal=USART2_RX
PA5.Locked=true
PA5.Mode=TX_Only_Simplex_Unidirect_Master
PA5.Signal=SPI1_SCK
PA7.Mode=TX_Only_Simplex_Unidirect_Master
PA7.Signal=SPI1_MOSI
PA8.GPIOParameters=GPIO_PuPd,GPIO_Label
PA8.GPIO_Label=SCD30_READY
PA8.GPIO_PuPd=GPIO_NOPULL
PA8.Locked=true
PA8.Signal=GPXTI8
PA9.Mode=I2C
PA9.Signal=I2C1_SCL
PB0.GPIOParameters=GPIO_Label
PB0.GPIO_Label=E_INK_RESET
PB0.Locked=true
PB0.Signal=GPIO_Output
PB1.GPIOParameters=GPIO_Label
PB1.GPIO_Label=E_INK_BUSY
PB1.Locked=true
PB1.Signal=GPXTI1
PB12.GPIOParameters=GPIO_Label
PB12.GPIO_Label=SWITCH_1
PB12.Locked=true
PB12.Signal=GPXTI12
PB13.GPIOParameters=GPIO_Label
PB13.GPIO_Label=SWITCH_2
PB13.Locked=true
PB13.Signal=GPXTI13
PB14.GPIOParameters=GPIO_Label
PB14.GPIO_Label=SWITCH_3
PB14.Locked=true
PB14.Signal=GPXTI14
PB15.GPIOParameters=GPIO_Label
PB15.GPIO_Label=SWITCH_4
PB15.Locked=true
PB15.Signal=GPXTI15
PB2.GPIOParameters=PinState,GPIO_Label
PB2.GPIO_Label=POWER_5V_ENABLE
PB2.Locked=true
PB2.PinState=GPIO_PIN_SET
PB2.Signal=GPIO_Output
PB3\ (JTDO/TRACESWO).Mode=Trace_Asynchronous_SW
PB3\ (JTDO/TRACESWO).Signal=SYS_JTDO-SWO
PB5.GPIOParameters=GPIO_Label
PB5.GPIO_Label=BATTERY_MEASURE_ENABLE
PB5.Locked=true
PB5.Signal=GPIO_Output
PB6.Locked=true
PB6.Signal=GPIO_Analog
PB8.GPIOParameters=GPIO_Label
PB8.GPIO_Label=SDIO_DETECT
PB8.Locked=true
PB8.Signal=GPIO_Input
PB9.GPIOParameters=GPIO_Label
PB9.GPIO_Label=SDIO_POWER_ENABLE
PB9.Locked=true
PB9.Signal=GPIO_Output
PC0.GPIOParameters=GPIO_Label
PC0.GPIO_Label=LED_4
PC0.Locked=true
PC0.Signal=GPIO_Output
PC1.GPIOParameters=GPIO_Label
PC1.GPIO_Label=LED_3
PC1.Locked=true
PC1.Signal=GPIO_Output
PC10.Mode=SD_4_bits_Wide_bus
PC10.Signal=SDMMC1_D2
PC11.Mode=SD_4_bits_Wide_bus
PC11.Signal=SDMMC1_D3
PC12.Mode=SD_4_bits_Wide_bus
PC12.Signal=SDMMC1_CK
PC2.GPIOParameters=GPIO_Label
PC2.GPIO_Label=LED_2
PC2.Locked=true
PC2.Signal=GPIO_Output
PC3.GPIOParameters=GPIO_Label
PC3.GPIO_Label=LED_1
PC3.Locked=true
PC3.Signal=GPIO_Output
PC4.GPIOParameters=GPIO_Label
PC4.GPIO_Label=E_INK_SELECT
PC4.Locked=true
PC4.Signal=GPIO_Output
PC5.GPIOParameters=GPIO_Speed,GPIO_Label
PC5.GPIO_Label=E_INK_DC
PC5.GPIO_Speed=GPIO_SPEED_FREQ_HIGH
PC5.Locked=true
PC5.Signal=GPIO_Output
PC8.Mode=SD_4_bits_Wide_bus
PC8.Signal=SDMMC1_D0
PC9.Mode=SD_4_bits_Wide_bus
PC9.Signal=SDMMC1_D1
PD2.Mode=SD_4_bits_Wide_bus
PD2.Signal=SDMMC1_CMD
PH0-OSC_IN\ (PH0).Mode=HSE-External-Oscillator
PH0-OSC_IN\ (PH0).Signal=RCC_OSC_IN
PH1-OSC_OUT\ (PH1).Mode=HSE-External-Oscillator
PH1-OSC_OUT\ (PH1).Signal=RCC_OSC_OUT
PinOutPanel.RotationAngle=0
ProjectManager.AskForMigrate=true
ProjectManager.BackupPrevious=false
ProjectManager.CompilerOptimize=6
ProjectManager.ComputerToolchain=false
ProjectManager.CoupleFile=false
ProjectManager.CustomerFirmwarePackage=
ProjectManager.DefaultFWLocation=true
ProjectManager.DeletePrevious=true
ProjectManager.DeviceId=STM32L451RCTx
ProjectManager.FirmwarePackage=STM32Cube FW_L4 V1.17.2
ProjectManager.FreePins=false
ProjectManager.HalAssertFull=false
ProjectManager.HeapSize=0x200
ProjectManager.KeepUserCode=true
ProjectManager.LastFirmware=true
ProjectManager.LibraryCopy=1
ProjectManager.MainLocation=Core/Src
ProjectManager.NoMain=false
ProjectManager.PreviousToolchain=
ProjectManager.ProjectBuild=false
ProjectManager.ProjectFileName=EnvSensorV2.ioc
ProjectManager.ProjectName=EnvSensorV2
ProjectManager.ProjectStructure=
ProjectManager.RegisterCallBack=
ProjectManager.StackSize=0x400
ProjectManager.TargetToolchain=STM32CubeIDE
ProjectManager.ToolChainLocation=
ProjectManager.UAScriptAfterPath=
ProjectManager.UAScriptBeforePath=
ProjectManager.UnderRoot=true
ProjectManager.functionlistsort=1-SystemClock_Config-RCC-false-HAL-false,2-MX_GPIO_Init-GPIO-false-HAL-true,3-MX_I2C1_Init-I2C1-false-HAL-true,4-MX_USART2_UART_Init-USART2-false-HAL-true,5-MX_SPI1_Init-SPI1-false-HAL-true,6-MX_CRC_Init-CRC-false-HAL-true,7-MX_ADC1_Init-ADC1-false-HAL-true,8-MX_RTC_Init-RTC-false-HAL-true,9-MX_SDMMC1_SD_Init-SDMMC1-false-HAL-true,10-MX_FATFS_Init-FATFS-false-HAL-false
RCC.ADCFreq_Value=64000000
RCC.FamilyName=M
RCC.HSE_VALUE=16000000
RCC.HSI48_VALUE=48000000
RCC.HSI_VALUE=16000000
RCC.IPParameters=ADCFreq_Value,FamilyName,HSE_VALUE,HSI48_VALUE,HSI_VALUE,LSCOPinFreq_Value,LSE_VALUE,LSI_VALUE,MSI_VALUE,PLLPoutputFreq_Value,PLLQoutputFreq_Value,PLLRCLKFreq_Value,PLLSAI1PoutputFreq_Value,PLLSAI1Q,PLLSAI1QoutputFreq_Value,PLLSAI1RoutputFreq_Value,PLLSourceVirtual,RNGFreq_Value,RTCFreq_Value,SAI1Freq_Value,SDMMCFreq_Value,VCOInputFreq_Value,VCOOutputFreq_Value,VCOSAI1OutputFreq_Value
RCC.LSCOPinFreq_Value=32000
RCC.LSE_VALUE=32768
RCC.LSI_VALUE=32000
RCC.MSI_VALUE=4000000
RCC.PLLPoutputFreq_Value=18285714.285714287
RCC.PLLQoutputFreq_Value=64000000
RCC.PLLRCLKFreq_Value=64000000
RCC.PLLSAI1PoutputFreq_Value=18285714.285714287
RCC.PLLSAI1Q=RCC_PLLQ_DIV4
RCC.PLLSAI1QoutputFreq_Value=32000000
RCC.PLLSAI1RoutputFreq_Value=64000000
RCC.PLLSourceVirtual=RCC_PLLSOURCE_HSE
RCC.RNGFreq_Value=32000000
RCC.RTCFreq_Value=32000
RCC.SAI1Freq_Value=18285714.285714287
RCC.SDMMCFreq_Value=32000000
RCC.VCOInputFreq_Value=16000000
RCC.VCOOutputFreq_Value=128000000
RCC.VCOSAI1OutputFreq_Value=128000000
SH.ADCx_IN5.0=ADC1_IN5,IN5-Single-Ended
SH.ADCx_IN5.ConfNb=1
SH.GPXTI1.0=GPIO_EXTI1
SH.GPXTI1.ConfNb=1
SH.GPXTI12.0=GPIO_EXTI12
SH.GPXTI12.ConfNb=1
SH.GPXTI13.0=GPIO_EXTI13
SH.GPXTI13.ConfNb=1
SH.GPXTI14.0=GPIO_EXTI14
SH.GPXTI14.ConfNb=1
SH.GPXTI15.0=GPIO_EXTI15
SH.GPXTI15.ConfNb=1
SH.GPXTI8.0=GPIO_EXTI8
SH.GPXTI8.ConfNb=1
SPI1.BaudRatePrescaler=SPI_BAUDRATEPRESCALER_8
SPI1.CalculateBaudRate=500.0 KBits/s
SPI1.DataSize=SPI_DATASIZE_8BIT
SPI1.Direction=SPI_DIRECTION_2LINES
SPI1.IPParameters=VirtualType,Mode,Direction,CalculateBaudRate,DataSize,BaudRatePrescaler
SPI1.Mode=SPI_MODE_MASTER
SPI1.VirtualType=VM_MASTER
USART2.BaudRate=9600
USART2.IPParameters=VirtualMode-Asynchronous,BaudRate
USART2.VirtualMode-Asynchronous=VM_ASYNC
VP_CRC_VS_CRC.Mode=CRC_Activate
VP_CRC_VS_CRC.Signal=CRC_VS_CRC
VP_FATFS_VS_SDIO.Mode=SDIO
VP_FATFS_VS_SDIO.Signal=FATFS_VS_SDIO
VP_FREERTOS_VS_CMSIS_V2.Mode=CMSIS_V2
VP_FREERTOS_VS_CMSIS_V2.Signal=FREERTOS_VS_CMSIS_V2
VP_RTC_VS_RTC_Activate.Mode=RTC_Enabled
VP_RTC_VS_RTC_Activate.Signal=RTC_VS_RTC_Activate
VP_SYS_VS_tim6.Mode=TIM6
VP_SYS_VS_tim6.Signal=SYS_VS_tim6
board=custom
rtos.0.ip=FREERTOS
isbadioc=false
